
Microsoft Visual Studio Solution File, Format Version 12.00
# Visual Studio 14
VisualStudioVersion = 14.0.25123.0
MinimumVisualStudioVersion = 10.0.40219.1
Project("{FAE04EC0-301F-11D3-BF4B-00C04F79EFBC}") = "ShoppingCart", "ShoppingCart\ShoppingCart.csproj", "{4C898754-7212-4559-8595-24920C8E372E}"
EndProject
Project("{FAE04EC0-301F-11D3-BF4B-00C04F79EFBC}") = "ShoppingCartTests", "ShoppingCartTests\ShoppingCartTests.csproj", "{30280DF1-86BE-4EB9-9B99-BFB0C42785A6}"
EndProject
Global
	GlobalSection(SolutionConfigurationPlatforms) = preSolution
		Debug|Any CPU = Debug|Any CPU
		Release|Any CPU = Release|Any CPU
	EndGlobalSection
	GlobalSection(ProjectConfigurationPlatforms) = postSolution
		{4C898754-7212-4559-8595-24920C8E372E}.Debug|Any CPU.ActiveCfg = Debug|Any CPU
		{4C898754-7212-4559-8595-24920C8E372E}.Debug|Any CPU.Build.0 = Debug|Any CPU
		{4C898754-7212-4559-8595-24920C8E372E}.Release|Any CPU.ActiveCfg = Release|Any CPU
		{4C898754-7212-4559-8595-24920C8E372E}.Release|Any CPU.Build.0 = Release|Any CPU
		{30280DF1-86BE-4EB9-9B99-BFB0C42785A6}.Debug|Any CPU.ActiveCfg = Debug|Any CPU
		{30280DF1-86BE-4EB9-9B99-BFB0C42785A6}.Debug|Any CPU.Build.0 = Debug|Any CPU
		{30280DF1-86BE-4EB9-9B99-BFB0C42785A6}.Release|Any CPU.ActiveCfg = Release|Any CPU
		{30280DF1-86BE-4EB9-9B99-BFB0C42785A6}.Release|Any CPU.Build.0 = Release|Any CPU
	EndGlobalSection
	GlobalSection(SolutionProperties) = preSolution
		HideSolutionNode = FALSE
	EndGlobalSection
EndGlobal
